
Microsoft Visual Studio Solution File, Format Version 12.00
# Visual Studio Version 17
VisualStudioVersion = 17.0.31903.59
MinimumVisualStudioVersion = 10.0.40219.1
Project("{2150E333-8FDC-42A3-9474-1A3956D46DE8}") = "src", "src", "{07E401C7-3F95-4726-9A93-9AF6D7528FB0}"
EndProject
Project("{FAE04EC0-301F-11D3-BF4B-00C04F79EFBC}") = "NTradeSync.Api", "src\NTradeSync.Api\NTradeSync.Api.csproj", "{9A1B2568-F67F-4AA4-8E1C-FA24796C446E}"
EndProject
Global
	GlobalSection(SolutionConfigurationPlatforms) = preSolution
		Debug|Any CPU = Debug|Any CPU
		Release|Any CPU = Release|Any CPU
	EndGlobalSection
	GlobalSection(SolutionProperties) = preSolution
		HideSolutionNode = FALSE
	EndGlobalSection
	GlobalSection(NestedProjects) = preSolution
		{9A1B2568-F67F-4AA4-8E1C-FA24796C446E} = {07E401C7-3F95-4726-9A93-9AF6D7528FB0}
	EndGlobalSection
	GlobalSection(ProjectConfigurationPlatforms) = postSolution
		{9A1B2568-F67F-4AA4-8E1C-FA24796C446E}.Debug|Any CPU.ActiveCfg = Debug|Any CPU
		{9A1B2568-F67F-4AA4-8E1C-FA24796C446E}.Debug|Any CPU.Build.0 = Debug|Any CPU
		{9A1B2568-F67F-4AA4-8E1C-FA24796C446E}.Release|Any CPU.ActiveCfg = Release|Any CPU
		{9A1B2568-F67F-4AA4-8E1C-FA24796C446E}.Release|Any CPU.Build.0 = Release|Any CPU
	EndGlobalSection
EndGlobal
